
Microsoft Visual Studio Solution File, Format Version 11.00
# Visual Studio 2010
Project("{FAE04EC0-301F-11D3-BF4B-00C04F79EFBC}") = "SqlLib", "SqlHelper\SqlLib.csproj", "{EF00EADE-0D3E-445E-A63F-3BE5D1684DCA}"
EndProject
Project("{FAE04EC0-301F-11D3-BF4B-00C04F79EFBC}") = "Sample", "Sample\Sample.csproj", "{E1E41AE0-AF89-4196-869F-6B6BE59BF9B9}"
EndProject
Project("{FAE04EC0-301F-11D3-BF4B-00C04F79EFBC}") = "WCFServer", "WCFServer\WCFServer.csproj", "{B2EFFBDB-6432-4DA9-B80A-E6E71464FDAA}"
EndProject
Project("{FAE04EC0-301F-11D3-BF4B-00C04F79EFBC}") = "DAL", "DAL\DAL.csproj", "{6CD1CFE1-62CD-44D4-8CB9-8E9B35E7F6C5}"
EndProject
Project("{FAE04EC0-301F-11D3-BF4B-00C04F79EFBC}") = "SLClient", "SLClient\SLClient.csproj", "{F0585560-3EE1-4F68-B5DF-976AA41A4AE3}"
EndProject
Global
	GlobalSection(SubversionScc) = preSolution
		Svn-Managed = True
		Manager = AnkhSVN - Subversion Support for Visual Studio
	EndGlobalSection
	GlobalSection(SolutionConfigurationPlatforms) = preSolution
		Debug|Any CPU = Debug|Any CPU
		Debug|Mixed Platforms = Debug|Mixed Platforms
		Debug|x86 = Debug|x86
		Release|Any CPU = Release|Any CPU
		Release|Mixed Platforms = Release|Mixed Platforms
		Release|x86 = Release|x86
	EndGlobalSection
	GlobalSection(ProjectConfigurationPlatforms) = postSolution
		{EF00EADE-0D3E-445E-A63F-3BE5D1684DCA}.Debug|Any CPU.ActiveCfg = Debug|x86
		{EF00EADE-0D3E-445E-A63F-3BE5D1684DCA}.Debug|Mixed Platforms.ActiveCfg = Debug|x86
		{EF00EADE-0D3E-445E-A63F-3BE5D1684DCA}.Debug|Mixed Platforms.Build.0 = Debug|x86
		{EF00EADE-0D3E-445E-A63F-3BE5D1684DCA}.Debug|x86.ActiveCfg = Debug|x86
		{EF00EADE-0D3E-445E-A63F-3BE5D1684DCA}.Debug|x86.Build.0 = Debug|x86
		{EF00EADE-0D3E-445E-A63F-3BE5D1684DCA}.Release|Any CPU.ActiveCfg = Release|x86
		{EF00EADE-0D3E-445E-A63F-3BE5D1684DCA}.Release|Mixed Platforms.ActiveCfg = Release|x86
		{EF00EADE-0D3E-445E-A63F-3BE5D1684DCA}.Release|Mixed Platforms.Build.0 = Release|x86
		{EF00EADE-0D3E-445E-A63F-3BE5D1684DCA}.Release|x86.ActiveCfg = Release|x86
		{EF00EADE-0D3E-445E-A63F-3BE5D1684DCA}.Release|x86.Build.0 = Release|x86
		{E1E41AE0-AF89-4196-869F-6B6BE59BF9B9}.Debug|Any CPU.ActiveCfg = Debug|x86
		{E1E41AE0-AF89-4196-869F-6B6BE59BF9B9}.Debug|Mixed Platforms.ActiveCfg = Debug|x86
		{E1E41AE0-AF89-4196-869F-6B6BE59BF9B9}.Debug|Mixed Platforms.Build.0 = Debug|x86
		{E1E41AE0-AF89-4196-869F-6B6BE59BF9B9}.Debug|x86.ActiveCfg = Debug|x86
		{E1E41AE0-AF89-4196-869F-6B6BE59BF9B9}.Debug|x86.Build.0 = Debug|x86
		{E1E41AE0-AF89-4196-869F-6B6BE59BF9B9}.Release|Any CPU.ActiveCfg = Release|x86
		{E1E41AE0-AF89-4196-869F-6B6BE59BF9B9}.Release|Mixed Platforms.ActiveCfg = Release|x86
		{E1E41AE0-AF89-4196-869F-6B6BE59BF9B9}.Release|Mixed Platforms.Build.0 = Release|x86
		{E1E41AE0-AF89-4196-869F-6B6BE59BF9B9}.Release|x86.ActiveCfg = Release|x86
		{E1E41AE0-AF89-4196-869F-6B6BE59BF9B9}.Release|x86.Build.0 = Release|x86
		{B2EFFBDB-6432-4DA9-B80A-E6E71464FDAA}.Debug|Any CPU.ActiveCfg = Debug|x86
		{B2EFFBDB-6432-4DA9-B80A-E6E71464FDAA}.Debug|Mixed Platforms.ActiveCfg = Debug|x86
		{B2EFFBDB-6432-4DA9-B80A-E6E71464FDAA}.Debug|Mixed Platforms.Build.0 = Debug|x86
		{B2EFFBDB-6432-4DA9-B80A-E6E71464FDAA}.Debug|x86.ActiveCfg = Debug|x86
		{B2EFFBDB-6432-4DA9-B80A-E6E71464FDAA}.Debug|x86.Build.0 = Debug|x86
		{B2EFFBDB-6432-4DA9-B80A-E6E71464FDAA}.Release|Any CPU.ActiveCfg = Release|x86
		{B2EFFBDB-6432-4DA9-B80A-E6E71464FDAA}.Release|Mixed Platforms.ActiveCfg = Release|x86
		{B2EFFBDB-6432-4DA9-B80A-E6E71464FDAA}.Release|Mixed Platforms.Build.0 = Release|x86
		{B2EFFBDB-6432-4DA9-B80A-E6E71464FDAA}.Release|x86.ActiveCfg = Release|x86
		{B2EFFBDB-6432-4DA9-B80A-E6E71464FDAA}.Release|x86.Build.0 = Release|x86
		{6CD1CFE1-62CD-44D4-8CB9-8E9B35E7F6C5}.Debug|Any CPU.ActiveCfg = Debug|Any CPU
		{6CD1CFE1-62CD-44D4-8CB9-8E9B35E7F6C5}.Debug|Any CPU.Build.0 = Debug|Any CPU
		{6CD1CFE1-62CD-44D4-8CB9-8E9B35E7F6C5}.Debug|Mixed Platforms.ActiveCfg = Debug|Any CPU
		{6CD1CFE1-62CD-44D4-8CB9-8E9B35E7F6C5}.Debug|Mixed Platforms.Build.0 = Debug|Any CPU
		{6CD1CFE1-62CD-44D4-8CB9-8E9B35E7F6C5}.Debug|x86.ActiveCfg = Debug|Any CPU
		{6CD1CFE1-62CD-44D4-8CB9-8E9B35E7F6C5}.Release|Any CPU.ActiveCfg = Release|Any CPU
		{6CD1CFE1-62CD-44D4-8CB9-8E9B35E7F6C5}.Release|Any CPU.Build.0 = Release|Any CPU
		{6CD1CFE1-62CD-44D4-8CB9-8E9B35E7F6C5}.Release|Mixed Platforms.ActiveCfg = Release|Any CPU
		{6CD1CFE1-62CD-44D4-8CB9-8E9B35E7F6C5}.Release|Mixed Platforms.Build.0 = Release|Any CPU
		{6CD1CFE1-62CD-44D4-8CB9-8E9B35E7F6C5}.Release|x86.ActiveCfg = Release|Any CPU
		{F0585560-3EE1-4F68-B5DF-976AA41A4AE3}.Debug|Any CPU.ActiveCfg = Debug|Any CPU
		{F0585560-3EE1-4F68-B5DF-976AA41A4AE3}.Debug|Any CPU.Build.0 = Debug|Any CPU
		{F0585560-3EE1-4F68-B5DF-976AA41A4AE3}.Debug|Mixed Platforms.ActiveCfg = Debug|Any CPU
		{F0585560-3EE1-4F68-B5DF-976AA41A4AE3}.Debug|Mixed Platforms.Build.0 = Debug|Any CPU
		{F0585560-3EE1-4F68-B5DF-976AA41A4AE3}.Debug|x86.ActiveCfg = Debug|Any CPU
		{F0585560-3EE1-4F68-B5DF-976AA41A4AE3}.Release|Any CPU.ActiveCfg = Release|Any CPU
		{F0585560-3EE1-4F68-B5DF-976AA41A4AE3}.Release|Any CPU.Build.0 = Release|Any CPU
		{F0585560-3EE1-4F68-B5DF-976AA41A4AE3}.Release|Mixed Platforms.ActiveCfg = Release|Any CPU
		{F0585560-3EE1-4F68-B5DF-976AA41A4AE3}.Release|Mixed Platforms.Build.0 = Release|Any CPU
		{F0585560-3EE1-4F68-B5DF-976AA41A4AE3}.Release|x86.ActiveCfg = Release|Any CPU
	EndGlobalSection
	GlobalSection(SolutionProperties) = preSolution
		HideSolutionNode = FALSE
	EndGlobalSection
EndGlobal
